Microsoft Visual Studio Solution File, Format Version 12.00
# Visual Studio Version 17
VisualStudioVersion = 17.5.2.0
MinimumVisualStudioVersion = 10.0.40219.1
Project("{FAE04EC0-301F-11D3-BF4B-00C04F79EFBC}") = "ConfigurarprojetoASP.NET-", "ConfigurarprojetoASP.NET-.csproj", "{198F00ED-8645-6E95-2B29-79B9FF169884}"
EndProject
Global
	GlobalSection(SolutionConfigurationPlatforms) = preSolution
		Debug|Any CPU = Debug|Any CPU
		Release|Any CPU = Release|Any CPU
	EndGlobalSection
	GlobalSection(ProjectConfigurationPlatforms) = postSolution
		{198F00ED-8645-6E95-2B29-79B9FF169884}.Debug|Any CPU.ActiveCfg = Debug|Any CPU
		{198F00ED-8645-6E95-2B29-79B9FF169884}.Debug|Any CPU.Build.0 = Debug|Any CPU
		{198F00ED-8645-6E95-2B29-79B9FF169884}.Release|Any CPU.ActiveCfg = Release|Any CPU
		{198F00ED-8645-6E95-2B29-79B9FF169884}.Release|Any CPU.Build.0 = Release|Any CPU
	EndGlobalSection
	GlobalSection(SolutionProperties) = preSolution
		HideSolutionNode = FALSE
	EndGlobalSection
	GlobalSection(ExtensibilityGlobals) = postSolution
		SolutionGuid = {757FC013-7DA2-45B9-AD6C-804C44F756EE}
	EndGlobalSection
EndGlobal
